
Microsoft Visual Studio Solution File, Format Version 12.00
# Visual Studio 15
VisualStudioVersion = 15.0.28307.757
MinimumVisualStudioVersion = 10.0.40219.1
Project("{FAE04EC0-301F-11D3-BF4B-00C04F79EFBC}") = "WaybackDownloader.NET.CLI", "WaybackDownloader.NET.CLI\WaybackDownloader.NET.CLI.csproj", "{33803E08-DC62-4D64-9F58-D5BEA531BCFE}"
EndProject
Project("{2150E333-8FDC-42A3-9474-1A3956D46DE8}") = "Solution Items", "Solution Items", "{8E83EC4D-24EF-492E-8BE1-E71EDF98EC50}"
	ProjectSection(SolutionItems) = preProject
		LICENSE = LICENSE
		README.flat.md = README.flat.md
		README.md = README.md
		wbm-dl.png = wbm-dl.png
	EndProjectSection
EndProject
Global
	GlobalSection(SolutionConfigurationPlatforms) = preSolution
		Debug|Any CPU = Debug|Any CPU
		Release|Any CPU = Release|Any CPU
	EndGlobalSection
	GlobalSection(ProjectConfigurationPlatforms) = postSolution
		{33803E08-DC62-4D64-9F58-D5BEA531BCFE}.Debug|Any CPU.ActiveCfg = Debug|Any CPU
		{33803E08-DC62-4D64-9F58-D5BEA531BCFE}.Debug|Any CPU.Build.0 = Debug|Any CPU
		{33803E08-DC62-4D64-9F58-D5BEA531BCFE}.Release|Any CPU.ActiveCfg = Release|Any CPU
		{33803E08-DC62-4D64-9F58-D5BEA531BCFE}.Release|Any CPU.Build.0 = Release|Any CPU
	EndGlobalSection
	GlobalSection(SolutionProperties) = preSolution
		HideSolutionNode = FALSE
	EndGlobalSection
	GlobalSection(ExtensibilityGlobals) = postSolution
		SolutionGuid = {379549E5-85C1-4182-B140-EAD8F6336F3C}
	EndGlobalSection
EndGlobal
